
Microsoft Visual Studio Solution File, Format Version 12.00
# Visual Studio Version 17
VisualStudioVersion = 17.0.31612.314
MinimumVisualStudioVersion = 10.0.40219.1
Project("{FAE04EC0-301F-11D3-BF4B-00C04F79EFBC}") = "WorkerServicesUsingEntityFramework", "WorkerServicesUsingEntityFramework.csproj", "{B0818C8A-3459-4802-86D1-B7513D5233E1}"
EndProject
Global
	GlobalSection(SolutionConfigurationPlatforms) = preSolution
		Debug|Any CPU = Debug|Any CPU
		Release|Any CPU = Release|Any CPU
	EndGlobalSection
	GlobalSection(ProjectConfigurationPlatforms) = postSolution
		{B0818C8A-3459-4802-86D1-B7513D5233E1}.Debug|Any CPU.ActiveCfg = Debug|Any CPU
		{B0818C8A-3459-4802-86D1-B7513D5233E1}.Debug|Any CPU.Build.0 = Debug|Any CPU
		{B0818C8A-3459-4802-86D1-B7513D5233E1}.Release|Any CPU.ActiveCfg = Release|Any CPU
		{B0818C8A-3459-4802-86D1-B7513D5233E1}.Release|Any CPU.Build.0 = Release|Any CPU
	EndGlobalSection
	GlobalSection(SolutionProperties) = preSolution
		HideSolutionNode = FALSE
	EndGlobalSection
	GlobalSection(ExtensibilityGlobals) = postSolution
		SolutionGuid = {77CDF303-1AC8-4D10-832A-795269EE3AAF}
	EndGlobalSection
EndGlobal
